
Microsoft Visual Studio Solution File, Format Version 12.00
# Visual Studio Version 17
VisualStudioVersion = 17.0.32014.148
MinimumVisualStudioVersion = 10.0.40219.1
Project("{FAE04EC0-301F-11D3-BF4B-00C04F79EFBC}") = "LifetimeDependencyInjection", "LifetimeDependencyInjection\LifetimeDependencyInjection.csproj", "{7F915382-9AB8-440C-91DB-521E86BFFA5D}"
EndProject
Global
	GlobalSection(SolutionConfigurationPlatforms) = preSolution
		Debug|Any CPU = Debug|Any CPU
		Release|Any CPU = Release|Any CPU
	EndGlobalSection
	GlobalSection(ProjectConfigurationPlatforms) = postSolution
		{7F915382-9AB8-440C-91DB-521E86BFFA5D}.Debug|Any CPU.ActiveCfg = Debug|Any CPU
		{7F915382-9AB8-440C-91DB-521E86BFFA5D}.Debug|Any CPU.Build.0 = Debug|Any CPU
		{7F915382-9AB8-440C-91DB-521E86BFFA5D}.Release|Any CPU.ActiveCfg = Release|Any CPU
		{7F915382-9AB8-440C-91DB-521E86BFFA5D}.Release|Any CPU.Build.0 = Release|Any CPU
	EndGlobalSection
	GlobalSection(SolutionProperties) = preSolution
		HideSolutionNode = FALSE
	EndGlobalSection
	GlobalSection(ExtensibilityGlobals) = postSolution
		SolutionGuid = {1F1D3E69-D610-48E2-AAE4-C19D6903481C}
	EndGlobalSection
EndGlobal
